// !$*UTF8*$!
{
	archiveVersion = 1;
	classes = {
	};
	objectVersion = 46;
	objects = {

/* Begin PBXBuildFile section */
		966E89AB1C9EDBFB00B987AA /* main.swift in Sources */ = {isa = PBXBuildFile; fileRef = 966E89AA1C9EDBFB00B987AA /* main.swift */; };
		966E89B21C9EDC6F00B987AA /* NumberSerial.swift in Sources */ = {isa = PBXBuildFile; fileRef = 966E89B11C9EDC6F00B987AA /* NumberSerial.swift */; };
		966E89B41C9EDCA800B987AA /* Factorial.swift in Sources */ = {isa = PBXBuildFile; fileRef = 966E89B31C9EDCA800B987AA /* Factorial.swift */; };
		966E89BC1C9EE1FC00B987AA /* FactorialTest.swift in Sources */ = {isa = PBXBuildFile; fileRef = 966E89BB1C9EE1FC00B987AA /* FactorialTest.swift */; };
		966E89C31C9EE3E500B987AA /* NumberSerial.swift in Sources */ = {isa = PBXBuildFile; fileRef = 966E89B11C9EDC6F00B987AA /* NumberSerial.swift */; };
		966E89C41C9EE3FD00B987AA /* Factorial.swift in Sources */ = {isa = PBXBuildFile; fileRef = 966E89B31C9EDCA800B987AA /* Factorial.swift */; };
		966E89C61C9F866F00B987AA /* NumberSerialTest.swift in Sources */ = {isa = PBXBuildFile; fileRef = 966E89C51C9F866F00B987AA /* NumberSerialTest.swift */; };
/* End PBXBuildFile section */

/* Begin PBXCopyFilesBuildPhase section */
		966E89A51C9EDBFB00B987AA /* CopyFiles */ = {
			isa = PBXCopyFilesBuildPhase;
			buildActionMask = 2147483647;
			dstPath = /usr/share/man/man1/;
			dstSubfolderSpec = 0;
			files = (
			);
			runOnlyForDeploymentPostprocessing = 1;
		};
/* End PBXCopyFilesBuildPhase section */

/* Begin PBXFileReference section */
		966E89A71C9EDBFB00B987AA /* Factorial */ = {isa = PBXFileReference; explicitFileType = "compiled.mach-o.executable"; includeInIndex = 0; path = Factorial; sourceTree = BUILT_PRODUCTS_DIR; };
		966E89AA1C9EDBFB00B987AA /* main.swift */ = {isa = PBXFileReference; lastKnownFileType = sourcecode.swift; path = main.swift; sourceTree = "<group>"; };
		966E89B11C9EDC6F00B987AA /* NumberSerial.swift */ = {isa = PBXFileReference; fileEncoding = 4; lastKnownFileType = sourcecode.swift; path = NumberSerial.swift; sourceTree = "<group>"; };
		966E89B31C9EDCA800B987AA /* Factorial.swift */ = {isa = PBXFileReference; fileEncoding = 4; lastKnownFileType = sourcecode.swift; path = Factorial.swift; sourceTree = "<group>"; };
		966E89B91C9EE1FC00B987AA /* FactorialTest.xctest */ = {isa = PBXFileReference; explicitFileType = wrapper.cfbundle; includeInIndex = 0; path = FactorialTest.xctest; sourceTree = BUILT_PRODUCTS_DIR; };
		966E89BB1C9EE1FC00B987AA /* FactorialTest.swift */ = {isa = PBXFileReference; lastKnownFileType = sourcecode.swift; path = FactorialTest.swift; sourceTree = "<group>"; };
		966E89BD1C9EE1FC00B987AA /* Info.plist */ = {isa = PBXFileReference; lastKnownFileType = text.plist.xml; path = Info.plist; sourceTree = "<group>"; };
		966E89C51C9F866F00B987AA /* NumberSerialTest.swift */ = {isa = PBXFileReference; fileEncoding = 4; lastKnownFileType = sourcecode.swift; path = NumberSerialTest.swift; sourceTree = "<group>"; };
/* End PBXFileReference section */

/* Begin PBXFrameworksBuildPhase section */
		966E89A41C9EDBFB00B987AA /* Frameworks */ = {
			isa = PBXFrameworksBuildPhase;
			buildActionMask = 2147483647;
			files = (
			);
			runOnlyForDeploymentPostprocessing = 0;
		};
		966E89B61C9EE1FC00B987AA /* Frameworks */ = {
			isa = PBXFrameworksBuildPhase;
			buildActionMask = 2147483647;
			files = (
			);
			runOnlyForDeploymentPostprocessing = 0;
		};
/* End PBXFrameworksBuildPhase section */

/* Begin PBXGroup section */
		966E899E1C9EDBFB00B987AA = {
			isa = PBXGroup;
			children = (
				966E89A91C9EDBFB00B987AA /* Factorial */,
				966E89BA1C9EE1FC00B987AA /* FactorialTest */,
				966E89A81C9EDBFB00B987AA /* Products */,
			);
			sourceTree = "<group>";
		};
		966E89A81C9EDBFB00B987AA /* Products */ = {
			isa = PBXGroup;
			children = (
				966E89A71C9EDBFB00B987AA /* Factorial */,
				966E89B91C9EE1FC00B987AA /* FactorialTest.xctest */,
			);
			name = Products;
			sourceTree = "<group>";
		};
		966E89A91C9EDBFB00B987AA /* Factorial */ = {
			isa = PBXGroup;
			children = (
				966E89AA1C9EDBFB00B987AA /* main.swift */,
				966E89B11C9EDC6F00B987AA /* NumberSerial.swift */,
				966E89B31C9EDCA800B987AA /* Factorial.swift */,
			);
			path = Factorial;
			sourceTree = "<group>";
		};
		966E89BA1C9EE1FC00B987AA /* FactorialTest */ = {
			isa = PBXGroup;
			children = (
				966E89BB1C9EE1FC00B987AA /* FactorialTest.swift */,
				966E89C51C9F866F00B987AA /* NumberSerialTest.swift */,
				966E89BD1C9EE1FC00B987AA /* Info.plist */,
			);
			path = FactorialTest;
			sourceTree = "<group>";
		};
/* End PBXGroup section */

/* Begin PBXNativeTarget section */
		966E89A61C9EDBFB00B987AA /* Factorial */ = {
			isa = PBXNativeTarget;
			buildConfigurationList = 966E89AE1C9EDBFB00B987AA /* Build configuration list for PBXNativeTarget "Factorial" */;
			buildPhases = (
				966E89A31C9EDBFB00B987AA /* Sources */,
				966E89A41C9EDBFB00B987AA /* Frameworks */,
				966E89A51C9EDBFB00B987AA /* CopyFiles */,
			);
			buildRules = (
			);
			dependencies = (
			);
			name = Factorial;
			productName = Factorial;
			productReference = 966E89A71C9EDBFB00B987AA /* Factorial */;
			productType = "com.apple.product-type.tool";
		};
		966E89B81C9EE1FC00B987AA /* FactorialTest */ = {
			isa = PBXNativeTarget;
			buildConfigurationList = 966E89BE1C9EE1FC00B987AA /* Build configuration list for PBXNativeTarget "FactorialTest" */;
			buildPhases = (
				966E89B51C9EE1FC00B987AA /* Sources */,
				966E89B61C9EE1FC00B987AA /* Frameworks */,
				966E89B71C9EE1FC00B987AA /* Resources */,
			);
			buildRules = (
			);
			dependencies = (
			);
			name = FactorialTest;
			productName = FactorialTest;
			productReference = 966E89B91C9EE1FC00B987AA /* FactorialTest.xctest */;
			productType = "com.apple.product-type.bundle.unit-test";
		};
/* End PBXNativeTarget section */

/* Begin PBXProject section */
		966E899F1C9EDBFB00B987AA /* Project object */ = {
			isa = PBXProject;
			attributes = {
				LastSwiftUpdateCheck = 0720;
				LastUpgradeCheck = 0720;
				ORGANIZATIONNAME = "Jason Zheng";
				TargetAttributes = {
					966E89A61C9EDBFB00B987AA = {
						CreatedOnToolsVersion = 7.2.1;
					};
					966E89B81C9EE1FC00B987AA = {
						CreatedOnToolsVersion = 7.2.1;
					};
				};
			};
			buildConfigurationList = 966E89A21C9EDBFB00B987AA /* Build configuration list for PBXProject "Factorial" */;
			compatibilityVersion = "Xcode 3.2";
			developmentRegion = English;
			hasScannedForEncodings = 0;
			knownRegions = (
				en,
			);
			mainGroup = 966E899E1C9EDBFB00B987AA;
			productRefGroup = 966E89A81C9EDBFB00B987AA /* Products */;
			projectDirPath = "";
			projectRoot = "";
			targets = (
				966E89A61C9EDBFB00B987AA /* Factorial */,
				966E89B81C9EE1FC00B987AA /* FactorialTest */,
			);
		};
/* End PBXProject section */

/* Begin PBXResourcesBuildPhase section */
		966E89B71C9EE1FC00B987AA /* Resources */ = {
			isa = PBXResourcesBuildPhase;
			buildActionMask = 2147483647;
			files = (
			);
			runOnlyForDeploymentPostprocessing = 0;
		};
/* End PBXResourcesBuildPhase section */

/* Begin PBXSourcesBuildPhase section */
		966E89A31C9EDBFB00B987AA /* Sources */ = {
			isa = PBXSourcesBuildPhase;
			buildActionMask = 2147483647;
			files = (
				966E89B41C9EDCA800B987AA /* Factorial.swift in Sources */,
				966E89B21C9EDC6F00B987AA /* NumberSerial.swift in Sources */,
				966E89AB1C9EDBFB00B987AA /* main.swift in Sources */,
			);
			runOnlyForDeploymentPostprocessing = 0;
		};
		966E89B51C9EE1FC00B987AA /* Sources */ = {
			isa = PBXSourcesBuildPhase;
			buildActionMask = 2147483647;
			files = (
				966E89C41C9EE3FD00B987AA /* Factorial.swift in Sources */,
				966E89C31C9EE3E500B987AA /* NumberSerial.swift in Sources */,
				966E89C61C9F866F00B987AA /* NumberSerialTest.swift in Sources */,
				966E89BC1C9EE1FC00B987AA /* FactorialTest.swift in Sources */,
			);
			runOnlyForDeploymentPostprocessing = 0;
		};
/* End PBXSourcesBuildPhase section */

/* Begin XCBuildConfiguration section */
		966E89AC1C9EDBFB00B987AA /* Debug */ = {
			isa = XCBuildConfiguration;
			buildSettings = {
				ALWAYS_SEARCH_USER_PATHS = NO;
				CLANG_CXX_LANGUAGE_STANDARD = "gnu++0x";
				CLANG_CXX_LIBRARY = "libc++";
				CLANG_ENABLE_MODULES = YES;
				CLANG_ENABLE_OBJC_ARC = YES;
				CLANG_WARN_BOOL_CONVERSION = YES;
				CLANG_WARN_CONSTANT_CONVERSION = YES;
				CLANG_WARN_DIRECT_OBJC_ISA_USAGE = YES_ERROR;
				CLANG_WARN_EMPTY_BODY = YES;
				CLANG_WARN_ENUM_CONVERSION = YES;
				CLANG_WARN_INT_CONVERSION = YES;
				CLANG_WARN_OBJC_ROOT_CLASS = YES_ERROR;
				CLANG_WARN_UNREACHABLE_CODE = YES;
				CLANG_WARN__DUPLICATE_METHOD_MATCH = YES;
				CODE_SIGN_IDENTITY = "-";
				COPY_PHASE_STRIP = NO;
				DEBUG_INFORMATION_FORMAT = dwarf;
				ENABLE_STRICT_OBJC_MSGSEND = YES;
				ENABLE_TESTABILITY = YES;
				GCC_C_LANGUAGE_STANDARD = gnu99;
				GCC_DYNAMIC_NO_PIC = NO;
				GCC_NO_COMMON_BLOCKS = YES;
				GCC_OPTIMIZATION_LEVEL = 0;
				GCC_PREPROCESSOR_DEFINITIONS = (
					"DEBUG=1",
					"$(inherited)",
				);
				GCC_WARN_64_TO_32_BIT_CONVERSION = YES;
				GCC_WARN_ABOUT_RETURN_TYPE = YES_ERROR;
				GCC_WARN_UNDECLARED_SELECTOR = YES;
				GCC_WARN_UNINITIALIZED_AUTOS = YES_AGGRESSIVE;
				GCC_WARN_UNUSED_FUNCTION = YES;
				GCC_WARN_UNUSED_VARIABLE = YES;
				MACOSX_DEPLOYMENT_TARGET = 10.11;
				MTL_ENABLE_DEBUG_INFO = YES;
				ONLY_ACTIVE_ARCH = YES;
				SDKROOT = macosx;
				SWIFT_OPTIMIZATION_LEVEL = "-Onone";
			};
			name = Debug;
		};
		966E89AD1C9EDBFB00B987AA /* Release */ = {
			isa = XCBuildConfiguration;
			buildSettings = {
				ALWAYS_SEARCH_USER_PATHS = NO;
				CLANG_CXX_LANGUAGE_STANDARD = "gnu++0x";
				CLANG_CXX_LIBRARY = "libc++";
				CLANG_ENABLE_MODULES = YES;
				CLANG_ENABLE_OBJC_ARC = YES;
				CLANG_WARN_BOOL_CONVERSION = YES;
				CLANG_WARN_CONSTANT_CONVERSION = YES;
				CLANG_WARN_DIRECT_OBJC_ISA_USAGE = YES_ERROR;
				CLANG_WARN_EMPTY_BODY = YES;
				CLANG_WARN_ENUM_CONVERSION = YES;
				CLANG_WARN_INT_CONVERSION = YES;
				CLANG_WARN_OBJC_ROOT_CLASS = YES_ERROR;
				CLANG_WARN_UNREACHABLE_CODE = YES;
				CLANG_WARN__DUPLICATE_METHOD_MATCH = YES;
				CODE_SIGN_IDENTITY = "-";
				COPY_PHASE_STRIP = NO;
				DEBUG_INFORMATION_FORMAT = "dwarf-with-dsym";
				ENABLE_NS_ASSERTIONS = NO;
				ENABLE_STRICT_OBJC_MSGSEND = YES;
				GCC_C_LANGUAGE_STANDARD = gnu99;
				GCC_NO_COMMON_BLOCKS = YES;
				GCC_WARN_64_TO_32_BIT_CONVERSION = YES;
				GCC_WARN_ABOUT_RETURN_TYPE = YES_ERROR;
				GCC_WARN_UNDECLARED_SELECTOR = YES;
				GCC_WARN_UNINITIALIZED_AUTOS = YES_AGGRESSIVE;
				GCC_WARN_UNUSED_FUNCTION = YES;
				GCC_WARN_UNUSED_VARIABLE = YES;
				MACOSX_DEPLOYMENT_TARGET = 10.11;
				MTL_ENABLE_DEBUG_INFO = NO;
				SDKROOT = macosx;
			};
			name = Release;
		};
		966E89AF1C9EDBFB00B987AA /* Debug */ = {
			isa = XCBuildConfiguration;
			buildSettings = {
				PRODUCT_NAME = "$(TARGET_NAME)";
			};
			name = Debug;
		};
		966E89B01C9EDBFB00B987AA /* Release */ = {
			isa = XCBuildConfiguration;
			buildSettings = {
				PRODUCT_NAME = "$(TARGET_NAME)";
			};
			name = Release;
		};
		966E89BF1C9EE1FC00B987AA /* Debug */ = {
			isa = XCBuildConfiguration;
			buildSettings = {
				COMBINE_HIDPI_IMAGES = YES;
				INFOPLIST_FILE = FactorialTest/Info.plist;
				LD_RUNPATH_SEARCH_PATHS = "$(inherited) @executable_path/../Frameworks @loader_path/../Frameworks";
				PRODUCT_BUNDLE_IDENTIFIER = com.atjason.swift.practise.FactorialTest;
				PRODUCT_NAME = "$(TARGET_NAME)";
			};
			name = Debug;
		};
		966E89C01C9EE1FC00B987AA /* Release */ = {
			isa = XCBuildConfiguration;
			buildSettings = {
				COMBINE_HIDPI_IMAGES = YES;
				INFOPLIST_FILE = FactorialTest/Info.plist;
				LD_RUNPATH_SEARCH_PATHS = "$(inherited) @executable_path/../Frameworks @loader_path/../Frameworks";
				PRODUCT_BUNDLE_IDENTIFIER = com.atjason.swift.practise.FactorialTest;
				PRODUCT_NAME = "$(TARGET_NAME)";
			};
			name = Release;
		};
/* End XCBuildConfiguration section */

/* Begin XCConfigurationList section */
		966E89A21C9EDBFB00B987AA /* Build configuration list for PBXProject "Factorial" */ = {
			isa = XCConfigurationList;
			buildConfigurations = (
				966E89AC1C9EDBFB00B987AA /* Debug */,
				966E89AD1C9EDBFB00B987AA /* Release */,
			);
			defaultConfigurationIsVisible = 0;
			defaultConfigurationName = Release;
		};
		966E89AE1C9EDBFB00B987AA /* Build configuration list for PBXNativeTarget "Factorial" */ = {
			isa = XCConfigurationList;
			buildConfigurations = (
				966E89AF1C9EDBFB00B987AA /* Debug */,
				966E89B01C9EDBFB00B987AA /* Release */,
			);
			defaultConfigurationIsVisible = 0;
		};
		966E89BE1C9EE1FC00B987AA /* Build configuration list for PBXNativeTarget "FactorialTest" */ = {
			isa = XCConfigurationList;
			buildConfigurations = (
				966E89BF1C9EE1FC00B987AA /* Debug */,
				966E89C01C9EE1FC00B987AA /* Release */,
			);
			defaultConfigurationIsVisible = 0;
		};
/* End XCConfigurationList section */
	};
	rootObject = 966E899F1C9EDBFB00B987AA /* Project object */;
}
